
Microsoft Visual Studio Solution File, Format Version 12.00
# Visual Studio Version 17
VisualStudioVersion = 17.8.34330.188
MinimumVisualStudioVersion = 10.0.40219.1
Project("{FAE04EC0-301F-11D3-BF4B-00C04F79EFBC}") = "HomeworkMethod", "HomeworkMethod\HomeworkMethod.csproj", "{C64F2D4E-74A1-4E74-9714-6277C567A6CC}"
EndProject
Global
	GlobalSection(SolutionConfigurationPlatforms) = preSolution
		Debug|Any CPU = Debug|Any CPU
		Release|Any CPU = Release|Any CPU
	EndGlobalSection
	GlobalSection(ProjectConfigurationPlatforms) = postSolution
		{C64F2D4E-74A1-4E74-9714-6277C567A6CC}.Debug|Any CPU.ActiveCfg = Debug|Any CPU
		{C64F2D4E-74A1-4E74-9714-6277C567A6CC}.Debug|Any CPU.Build.0 = Debug|Any CPU
		{C64F2D4E-74A1-4E74-9714-6277C567A6CC}.Release|Any CPU.ActiveCfg = Release|Any CPU
		{C64F2D4E-74A1-4E74-9714-6277C567A6CC}.Release|Any CPU.Build.0 = Release|Any CPU
	EndGlobalSection
	GlobalSection(SolutionProperties) = preSolution
		HideSolutionNode = FALSE
	EndGlobalSection
	GlobalSection(ExtensibilityGlobals) = postSolution
		SolutionGuid = {AC136082-D1E8-420B-AD21-5F75B9D54B11}
	EndGlobalSection
EndGlobal
